
Microsoft Visual Studio Solution File, Format Version 12.00
# Visual Studio Version 17
VisualStudioVersion = 17.2.32526.322
MinimumVisualStudioVersion = 10.0.40219.1
Project("{9A19103F-16F7-4668-BE54-9A1E7A4F7556}") = "VSOP2013.NET", "VSOP2013.NET\VSOP2013.NET.csproj", "{A36BC2BE-D01A-497C-B17A-3B15DA455D9F}"
EndProject
Project("{9A19103F-16F7-4668-BE54-9A1E7A4F7556}") = "Demo", "Demo\Demo.csproj", "{9CC39AF5-6179-4903-8F3C-ED8ACEFE2399}"
EndProject
Project("{9A19103F-16F7-4668-BE54-9A1E7A4F7556}") = "DataConverter", "DataConverter\DataConverter.csproj", "{2A5C5EFE-C49F-436A-9FC1-176AE11E0334}"
EndProject
Project("{8BC9CEB8-8B4A-11D0-8D11-00A0C91BC942}") = "NativeAccelerator", "NativeAccelerator\NativeAccelerator.vcxproj", "{1F19706F-2068-4359-A307-FF6620D57100}"
EndProject
Global
	GlobalSection(SolutionConfigurationPlatforms) = preSolution
		Debug|x64 = Debug|x64
		Debug|x86 = Debug|x86
		Release|x64 = Release|x64
		Release|x86 = Release|x86
	EndGlobalSection
	GlobalSection(ProjectConfigurationPlatforms) = postSolution
		{A36BC2BE-D01A-497C-B17A-3B15DA455D9F}.Debug|x64.ActiveCfg = Debug|x64
		{A36BC2BE-D01A-497C-B17A-3B15DA455D9F}.Debug|x64.Build.0 = Debug|x64
		{A36BC2BE-D01A-497C-B17A-3B15DA455D9F}.Debug|x86.ActiveCfg = Debug|x64
		{A36BC2BE-D01A-497C-B17A-3B15DA455D9F}.Debug|x86.Build.0 = Debug|x64
		{A36BC2BE-D01A-497C-B17A-3B15DA455D9F}.Release|x64.ActiveCfg = Release|x64
		{A36BC2BE-D01A-497C-B17A-3B15DA455D9F}.Release|x64.Build.0 = Release|x64
		{A36BC2BE-D01A-497C-B17A-3B15DA455D9F}.Release|x86.ActiveCfg = Release|x64
		{A36BC2BE-D01A-497C-B17A-3B15DA455D9F}.Release|x86.Build.0 = Release|x64
		{9CC39AF5-6179-4903-8F3C-ED8ACEFE2399}.Debug|x64.ActiveCfg = Debug|x64
		{9CC39AF5-6179-4903-8F3C-ED8ACEFE2399}.Debug|x64.Build.0 = Debug|x64
		{9CC39AF5-6179-4903-8F3C-ED8ACEFE2399}.Debug|x86.ActiveCfg = Debug|x64
		{9CC39AF5-6179-4903-8F3C-ED8ACEFE2399}.Debug|x86.Build.0 = Debug|x64
		{9CC39AF5-6179-4903-8F3C-ED8ACEFE2399}.Release|x64.ActiveCfg = Release|x64
		{9CC39AF5-6179-4903-8F3C-ED8ACEFE2399}.Release|x64.Build.0 = Release|x64
		{9CC39AF5-6179-4903-8F3C-ED8ACEFE2399}.Release|x86.ActiveCfg = Release|x64
		{9CC39AF5-6179-4903-8F3C-ED8ACEFE2399}.Release|x86.Build.0 = Release|x64
		{2A5C5EFE-C49F-436A-9FC1-176AE11E0334}.Debug|x64.ActiveCfg = Debug|x64
		{2A5C5EFE-C49F-436A-9FC1-176AE11E0334}.Debug|x64.Build.0 = Debug|x64
		{2A5C5EFE-C49F-436A-9FC1-176AE11E0334}.Debug|x86.ActiveCfg = Debug|x64
		{2A5C5EFE-C49F-436A-9FC1-176AE11E0334}.Debug|x86.Build.0 = Debug|x64
		{2A5C5EFE-C49F-436A-9FC1-176AE11E0334}.Release|x64.ActiveCfg = Release|x64
		{2A5C5EFE-C49F-436A-9FC1-176AE11E0334}.Release|x64.Build.0 = Release|x64
		{2A5C5EFE-C49F-436A-9FC1-176AE11E0334}.Release|x86.ActiveCfg = Release|x64
		{2A5C5EFE-C49F-436A-9FC1-176AE11E0334}.Release|x86.Build.0 = Release|x64
		{1F19706F-2068-4359-A307-FF6620D57100}.Debug|x64.ActiveCfg = Debug|x64
		{1F19706F-2068-4359-A307-FF6620D57100}.Debug|x64.Build.0 = Debug|x64
		{1F19706F-2068-4359-A307-FF6620D57100}.Debug|x86.ActiveCfg = Debug|Win32
		{1F19706F-2068-4359-A307-FF6620D57100}.Debug|x86.Build.0 = Debug|Win32
		{1F19706F-2068-4359-A307-FF6620D57100}.Release|x64.ActiveCfg = Release|x64
		{1F19706F-2068-4359-A307-FF6620D57100}.Release|x64.Build.0 = Release|x64
		{1F19706F-2068-4359-A307-FF6620D57100}.Release|x86.ActiveCfg = Release|Win32
		{1F19706F-2068-4359-A307-FF6620D57100}.Release|x86.Build.0 = Release|Win32
	EndGlobalSection
	GlobalSection(SolutionProperties) = preSolution
		HideSolutionNode = FALSE
	EndGlobalSection
	GlobalSection(ExtensibilityGlobals) = postSolution
		SolutionGuid = {82ED7620-3D5A-42AA-A0A3-B2D546E5DCE6}
	EndGlobalSection
EndGlobal
